// !$*UTF8*$!
{
	archiveVersion = 1;
	classes = {
	};
	objectVersion = 50;
	objects = {

/* Begin PBXBuildFile section */
		14B7C73924DFDA9600B8F02F /* DetailView.swift in Sources */ = {isa = PBXBuildFile; fileRef = 14B7C73824DFDA9600B8F02F /* DetailView.swift */; };
		14B7C73B24DFDEA600B8F02F /* WebView.swift in Sources */ = {isa = PBXBuildFile; fileRef = 14B7C73A24DFDEA600B8F02F /* WebView.swift */; };
		14F8A02124DE8A4100914C07 /* AppDelegate.swift in Sources */ = {isa = PBXBuildFile; fileRef = 14F8A02024DE8A4100914C07 /* AppDelegate.swift */; };
		14F8A02324DE8A4100914C07 /* SceneDelegate.swift in Sources */ = {isa = PBXBuildFile; fileRef = 14F8A02224DE8A4100914C07 /* SceneDelegate.swift */; };
		14F8A02524DE8A4100914C07 /* ContentView.swift in Sources */ = {isa = PBXBuildFile; fileRef = 14F8A02424DE8A4100914C07 /* ContentView.swift */; };
		14F8A02724DE8A4500914C07 /* Assets.xcassets in Resources */ = {isa = PBXBuildFile; fileRef = 14F8A02624DE8A4500914C07 /* Assets.xcassets */; };
		14F8A02A24DE8A4500914C07 /* Preview Assets.xcassets in Resources */ = {isa = PBXBuildFile; fileRef = 14F8A02924DE8A4500914C07 /* Preview Assets.xcassets */; };
		14F8A02D24DE8A4500914C07 /* LaunchScreen.storyboard in Resources */ = {isa = PBXBuildFile; fileRef = 14F8A02B24DE8A4500914C07 /* LaunchScreen.storyboard */; };
		14F8A03624DE8CF100914C07 /* NetworkManager.swift in Sources */ = {isa = PBXBuildFile; fileRef = 14F8A03524DE8CF100914C07 /* NetworkManager.swift */; };
		14F8A03824DE8E4900914C07 /* PostData.swift in Sources */ = {isa = PBXBuildFile; fileRef = 14F8A03724DE8E4900914C07 /* PostData.swift */; };
/* End PBXBuildFile section */

/* Begin PBXFileReference section */
		14B7C73824DFDA9600B8F02F /* DetailView.swift */ = {isa = PBXFileReference; lastKnownFileType = sourcecode.swift; path = DetailView.swift; sourceTree = "<group>"; };
		14B7C73A24DFDEA600B8F02F /* WebView.swift */ = {isa = PBXFileReference; lastKnownFileType = sourcecode.swift; path = WebView.swift; sourceTree = "<group>"; };
		14F8A01D24DE8A4100914C07 /* HackerNews.app */ = {isa = PBXFileReference; explicitFileType = wrapper.application; includeInIndex = 0; path = HackerNews.app; sourceTree = BUILT_PRODUCTS_DIR; };
		14F8A02024DE8A4100914C07 /* AppDelegate.swift */ = {isa = PBXFileReference; lastKnownFileType = sourcecode.swift; path = AppDelegate.swift; sourceTree = "<group>"; };
		14F8A02224DE8A4100914C07 /* SceneDelegate.swift */ = {isa = PBXFileReference; lastKnownFileType = sourcecode.swift; path = SceneDelegate.swift; sourceTree = "<group>"; };
		14F8A02424DE8A4100914C07 /* ContentView.swift */ = {isa = PBXFileReference; lastKnownFileType = sourcecode.swift; path = ContentView.swift; sourceTree = "<group>"; };
		14F8A02624DE8A4500914C07 /* Assets.xcassets */ = {isa = PBXFileReference; lastKnownFileType = folder.assetcatalog; path = Assets.xcassets; sourceTree = "<group>"; };
		14F8A02924DE8A4500914C07 /* Preview Assets.xcassets */ = {isa = PBXFileReference; lastKnownFileType = folder.assetcatalog; path = "Preview Assets.xcassets"; sourceTree = "<group>"; };
		14F8A02C24DE8A4500914C07 /* Base */ = {isa = PBXFileReference; lastKnownFileType = file.storyboard; name = Base; path = Base.lproj/LaunchScreen.storyboard; sourceTree = "<group>"; };
		14F8A02E24DE8A4500914C07 /* Info.plist */ = {isa = PBXFileReference; lastKnownFileType = text.plist.xml; path = Info.plist; sourceTree = "<group>"; };
		14F8A03524DE8CF100914C07 /* NetworkManager.swift */ = {isa = PBXFileReference; lastKnownFileType = sourcecode.swift; path = NetworkManager.swift; sourceTree = "<group>"; };
		14F8A03724DE8E4900914C07 /* PostData.swift */ = {isa = PBXFileReference; lastKnownFileType = sourcecode.swift; path = PostData.swift; sourceTree = "<group>"; };
/* End PBXFileReference section */

/* Begin PBXFrameworksBuildPhase section */
		14F8A01A24DE8A4100914C07 /* Frameworks */ = {
			isa = PBXFrameworksBuildPhase;
			buildActionMask = 2147483647;
			files = (
			);
			runOnlyForDeploymentPostprocessing = 0;
		};
/* End PBXFrameworksBuildPhase section */

/* Begin PBXGroup section */
		14B7C73724DFDA7C00B8F02F /* Views */ = {
			isa = PBXGroup;
			children = (
				14F8A02424DE8A4100914C07 /* ContentView.swift */,
				14B7C73824DFDA9600B8F02F /* DetailView.swift */,
				14B7C73A24DFDEA600B8F02F /* WebView.swift */,
			);
			path = Views;
			sourceTree = "<group>";
		};
		14F8A01424DE8A4100914C07 = {
			isa = PBXGroup;
			children = (
				14F8A01F24DE8A4100914C07 /* HackerNews */,
				14F8A01E24DE8A4100914C07 /* Products */,
			);
			sourceTree = "<group>";
		};
		14F8A01E24DE8A4100914C07 /* Products */ = {
			isa = PBXGroup;
			children = (
				14F8A01D24DE8A4100914C07 /* HackerNews.app */,
			);
			name = Products;
			sourceTree = "<group>";
		};
		14F8A01F24DE8A4100914C07 /* HackerNews */ = {
			isa = PBXGroup;
			children = (
				14F8A03424DE8CC400914C07 /* Models */,
				14F8A02024DE8A4100914C07 /* AppDelegate.swift */,
				14F8A02224DE8A4100914C07 /* SceneDelegate.swift */,
				14B7C73724DFDA7C00B8F02F /* Views */,
				14F8A02624DE8A4500914C07 /* Assets.xcassets */,
				14F8A02B24DE8A4500914C07 /* LaunchScreen.storyboard */,
				14F8A02E24DE8A4500914C07 /* Info.plist */,
				14F8A02824DE8A4500914C07 /* Preview Content */,
			);
			path = HackerNews;
			sourceTree = "<group>";
		};
		14F8A02824DE8A4500914C07 /* Preview Content */ = {
			isa = PBXGroup;
			children = (
				14F8A02924DE8A4500914C07 /* Preview Assets.xcassets */,
			);
			path = "Preview Content";
			sourceTree = "<group>";
		};
		14F8A03424DE8CC400914C07 /* Models */ = {
			isa = PBXGroup;
			children = (
				14F8A03524DE8CF100914C07 /* NetworkManager.swift */,
				14F8A03724DE8E4900914C07 /* PostData.swift */,
			);
			path = Models;
			sourceTree = "<group>";
		};
/* End PBXGroup section */

/* Begin PBXNativeTarget section */
		14F8A01C24DE8A4100914C07 /* HackerNews */ = {
			isa = PBXNativeTarget;
			buildConfigurationList = 14F8A03124DE8A4500914C07 /* Build configuration list for PBXNativeTarget "HackerNews" */;
			buildPhases = (
				14F8A01924DE8A4100914C07 /* Sources */,
				14F8A01A24DE8A4100914C07 /* Frameworks */,
				14F8A01B24DE8A4100914C07 /* Resources */,
			);
			buildRules = (
			);
			dependencies = (
			);
			name = HackerNews;
			productName = HackerNews;
			productReference = 14F8A01D24DE8A4100914C07 /* HackerNews.app */;
			productType = "com.apple.product-type.application";
		};
/* End PBXNativeTarget section */

/* Begin PBXProject section */
		14F8A01524DE8A4100914C07 /* Project object */ = {
			isa = PBXProject;
			attributes = {
				LastSwiftUpdateCheck = 1160;
				LastUpgradeCheck = 1160;
				ORGANIZATIONNAME = "Pratap Sharma";
				TargetAttributes = {
					14F8A01C24DE8A4100914C07 = {
						CreatedOnToolsVersion = 11.6;
					};
				};
			};
			buildConfigurationList = 14F8A01824DE8A4100914C07 /* Build configuration list for PBXProject "HackerNews" */;
			compatibilityVersion = "Xcode 9.3";
			developmentRegion = en;
			hasScannedForEncodings = 0;
			knownRegions = (
				en,
				Base,
			);
			mainGroup = 14F8A01424DE8A4100914C07;
			productRefGroup = 14F8A01E24DE8A4100914C07 /* Products */;
			projectDirPath = "";
			projectRoot = "";
			targets = (
				14F8A01C24DE8A4100914C07 /* HackerNews */,
			);
		};
/* End PBXProject section */

/* Begin PBXResourcesBuildPhase section */
		14F8A01B24DE8A4100914C07 /* Resources */ = {
			isa = PBXResourcesBuildPhase;
			buildActionMask = 2147483647;
			files = (
				14F8A02D24DE8A4500914C07 /* LaunchScreen.storyboard in Resources */,
				14F8A02A24DE8A4500914C07 /* Preview Assets.xcassets in Resources */,
				14F8A02724DE8A4500914C07 /* Assets.xcassets in Resources */,
			);
			runOnlyForDeploymentPostprocessing = 0;
		};
/* End PBXResourcesBuildPhase section */

/* Begin PBXSourcesBuildPhase section */
		14F8A01924DE8A4100914C07 /* Sources */ = {
			isa = PBXSourcesBuildPhase;
			buildActionMask = 2147483647;
			files = (
				14F8A03824DE8E4900914C07 /* PostData.swift in Sources */,
				14B7C73924DFDA9600B8F02F /* DetailView.swift in Sources */,
				14F8A03624DE8CF100914C07 /* NetworkManager.swift in Sources */,
				14F8A02124DE8A4100914C07 /* AppDelegate.swift in Sources */,
				14F8A02324DE8A4100914C07 /* SceneDelegate.swift in Sources */,
				14F8A02524DE8A4100914C07 /* ContentView.swift in Sources */,
				14B7C73B24DFDEA600B8F02F /* WebView.swift in Sources */,
			);
			runOnlyForDeploymentPostprocessing = 0;
		};
/* End PBXSourcesBuildPhase section */

/* Begin PBXVariantGroup section */
		14F8A02B24DE8A4500914C07 /* LaunchScreen.storyboard */ = {
			isa = PBXVariantGroup;
			children = (
				14F8A02C24DE8A4500914C07 /* Base */,
			);
			name = LaunchScreen.storyboard;
			sourceTree = "<group>";
		};
/* End PBXVariantGroup section */

/* Begin XCBuildConfiguration section */
		14F8A02F24DE8A4500914C07 /* Debug */ = {
			isa = XCBuildConfiguration;
			buildSettings = {
				ALWAYS_SEARCH_USER_PATHS = NO;
				CLANG_ANALYZER_NONNULL = YES;
				CLANG_ANALYZER_NUMBER_OBJECT_CONVERSION = YES_AGGRESSIVE;
				CLANG_CXX_LANGUAGE_STANDARD = "gnu++14";
				CLANG_CXX_LIBRARY = "libc++";
				CLANG_ENABLE_MODULES = YES;
				CLANG_ENABLE_OBJC_ARC = YES;
				CLANG_ENABLE_OBJC_WEAK = YES;
				CLANG_WARN_BLOCK_CAPTURE_AUTORELEASING = YES;
				CLANG_WARN_BOOL_CONVERSION = YES;
				CLANG_WARN_COMMA = YES;
				CLANG_WARN_CONSTANT_CONVERSION = YES;
				CLANG_WARN_DEPRECATED_OBJC_IMPLEMENTATIONS = YES;
				CLANG_WARN_DIRECT_OBJC_ISA_USAGE = YES_ERROR;
				CLANG_WARN_DOCUMENTATION_COMMENTS = YES;
				CLANG_WARN_EMPTY_BODY = YES;
				CLANG_WARN_ENUM_CONVERSION = YES;
				CLANG_WARN_INFINITE_RECURSION = YES;
				CLANG_WARN_INT_CONVERSION = YES;
				CLANG_WARN_NON_LITERAL_NULL_CONVERSION = YES;
				CLANG_WARN_OBJC_IMPLICIT_RETAIN_SELF = YES;
				CLANG_WARN_OBJC_LITERAL_CONVERSION = YES;
				CLANG_WARN_OBJC_ROOT_CLASS = YES_ERROR;
				CLANG_WARN_RANGE_LOOP_ANALYSIS = YES;
				CLANG_WARN_STRICT_PROTOTYPES = YES;
				CLANG_WARN_SUSPICIOUS_MOVE = YES;
				CLANG_WARN_UNGUARDED_AVAILABILITY = YES_AGGRESSIVE;
				CLANG_WARN_UNREACHABLE_CODE = YES;
				CLANG_WARN__DUPLICATE_METHOD_MATCH = YES;
				COPY_PHASE_STRIP = NO;
				DEBUG_INFORMATION_FORMAT = dwarf;
				ENABLE_STRICT_OBJC_MSGSEND = YES;
				ENABLE_TESTABILITY = YES;
				GCC_C_LANGUAGE_STANDARD = gnu11;
				GCC_DYNAMIC_NO_PIC = NO;
				GCC_NO_COMMON_BLOCKS = YES;
				GCC_OPTIMIZATION_LEVEL = 0;
				GCC_PREPROCESSOR_DEFINITIONS = (
					"DEBUG=1",
					"$(inherited)",
				);
				GCC_WARN_64_TO_32_BIT_CONVERSION = YES;
				GCC_WARN_ABOUT_RETURN_TYPE = YES_ERROR;
				GCC_WARN_UNDECLARED_SELECTOR = YES;
				GCC_WARN_UNINITIALIZED_AUTOS = YES_AGGRESSIVE;
				GCC_WARN_UNUSED_FUNCTION = YES;
				GCC_WARN_UNUSED_VARIABLE = YES;
				IPHONEOS_DEPLOYMENT_TARGET = 13.6;
				MTL_ENABLE_DEBUG_INFO = INCLUDE_SOURCE;
				MTL_FAST_MATH = YES;
				ONLY_ACTIVE_ARCH = YES;
				SDKROOT = iphoneos;
				SWIFT_ACTIVE_COMPILATION_CONDITIONS = DEBUG;
				SWIFT_OPTIMIZATION_LEVEL = "-Onone";
			};
			name = Debug;
		};
		14F8A03024DE8A4500914C07 /* Release */ = {
			isa = XCBuildConfiguration;
			buildSettings = {
				ALWAYS_SEARCH_USER_PATHS = NO;
				CLANG_ANALYZER_NONNULL = YES;
				CLANG_ANALYZER_NUMBER_OBJECT_CONVERSION = YES_AGGRESSIVE;
				CLANG_CXX_LANGUAGE_STANDARD = "gnu++14";
				CLANG_CXX_LIBRARY = "libc++";
				CLANG_ENABLE_MODULES = YES;
				CLANG_ENABLE_OBJC_ARC = YES;
				CLANG_ENABLE_OBJC_WEAK = YES;
				CLANG_WARN_BLOCK_CAPTURE_AUTORELEASING = YES;
				CLANG_WARN_BOOL_CONVERSION = YES;
				CLANG_WARN_COMMA = YES;
				CLANG_WARN_CONSTANT_CONVERSION = YES;
				CLANG_WARN_DEPRECATED_OBJC_IMPLEMENTATIONS = YES;
				CLANG_WARN_DIRECT_OBJC_ISA_USAGE = YES_ERROR;
				CLANG_WARN_DOCUMENTATION_COMMENTS = YES;
				CLANG_WARN_EMPTY_BODY = YES;
				CLANG_WARN_ENUM_CONVERSION = YES;
				CLANG_WARN_INFINITE_RECURSION = YES;
				CLANG_WARN_INT_CONVERSION = YES;
				CLANG_WARN_NON_LITERAL_NULL_CONVERSION = YES;
				CLANG_WARN_OBJC_IMPLICIT_RETAIN_SELF = YES;
				CLANG_WARN_OBJC_LITERAL_CONVERSION = YES;
				CLANG_WARN_OBJC_ROOT_CLASS = YES_ERROR;
				CLANG_WARN_RANGE_LOOP_ANALYSIS = YES;
				CLANG_WARN_STRICT_PROTOTYPES = YES;
				CLANG_WARN_SUSPICIOUS_MOVE = YES;
				CLANG_WARN_UNGUARDED_AVAILABILITY = YES_AGGRESSIVE;
				CLANG_WARN_UNREACHABLE_CODE = YES;
				CLANG_WARN__DUPLICATE_METHOD_MATCH = YES;
				COPY_PHASE_STRIP = NO;
				DEBUG_INFORMATION_FORMAT = "dwarf-with-dsym";
				ENABLE_NS_ASSERTIONS = NO;
				ENABLE_STRICT_OBJC_MSGSEND = YES;
				GCC_C_LANGUAGE_STANDARD = gnu11;
				GCC_NO_COMMON_BLOCKS = YES;
				GCC_WARN_64_TO_32_BIT_CONVERSION = YES;
				GCC_WARN_ABOUT_RETURN_TYPE = YES_ERROR;
				GCC_WARN_UNDECLARED_SELECTOR = YES;
				GCC_WARN_UNINITIALIZED_AUTOS = YES_AGGRESSIVE;
				GCC_WARN_UNUSED_FUNCTION = YES;
				GCC_WARN_UNUSED_VARIABLE = YES;
				IPHONEOS_DEPLOYMENT_TARGET = 13.6;
				MTL_ENABLE_DEBUG_INFO = NO;
				MTL_FAST_MATH = YES;
				SDKROOT = iphoneos;
				SWIFT_COMPILATION_MODE = wholemodule;
				SWIFT_OPTIMIZATION_LEVEL = "-O";
				VALIDATE_PRODUCT = YES;
			};
			name = Release;
		};
		14F8A03224DE8A4500914C07 /* Debug */ = {
			isa = XCBuildConfiguration;
			buildSettings = {
				ASSETCATALOG_COMPILER_APPICON_NAME = AppIcon;
				CODE_SIGN_STYLE = Automatic;
				DEVELOPMENT_ASSET_PATHS = "\"HackerNews/Preview Content\"";
				ENABLE_PREVIEWS = YES;
				INFOPLIST_FILE = HackerNews/Info.plist;
				LD_RUNPATH_SEARCH_PATHS = (
					"$(inherited)",
					"@executable_path/Frameworks",
				);
				PRODUCT_BUNDLE_IDENTIFIER = com.pratap.HackerNews;
				PRODUCT_NAME = "$(TARGET_NAME)";
				SWIFT_VERSION = 5.0;
				TARGETED_DEVICE_FAMILY = "1,2";
			};
			name = Debug;
		};
		14F8A03324DE8A4500914C07 /* Release */ = {
			isa = XCBuildConfiguration;
			buildSettings = {
				ASSETCATALOG_COMPILER_APPICON_NAME = AppIcon;
				CODE_SIGN_STYLE = Automatic;
				DEVELOPMENT_ASSET_PATHS = "\"HackerNews/Preview Content\"";
				ENABLE_PREVIEWS = YES;
				INFOPLIST_FILE = HackerNews/Info.plist;
				LD_RUNPATH_SEARCH_PATHS = (
					"$(inherited)",
					"@executable_path/Frameworks",
				);
				PRODUCT_BUNDLE_IDENTIFIER = com.pratap.HackerNews;
				PRODUCT_NAME = "$(TARGET_NAME)";
				SWIFT_VERSION = 5.0;
				TARGETED_DEVICE_FAMILY = "1,2";
			};
			name = Release;
		};
/* End XCBuildConfiguration section */

/* Begin XCConfigurationList section */
		14F8A01824DE8A4100914C07 /* Build configuration list for PBXProject "HackerNews" */ = {
			isa = XCConfigurationList;
			buildConfigurations = (
				14F8A02F24DE8A4500914C07 /* Debug */,
				14F8A03024DE8A4500914C07 /* Release */,
			);
			defaultConfigurationIsVisible = 0;
			defaultConfigurationName = Release;
		};
		14F8A03124DE8A4500914C07 /* Build configuration list for PBXNativeTarget "HackerNews" */ = {
			isa = XCConfigurationList;
			buildConfigurations = (
				14F8A03224DE8A4500914C07 /* Debug */,
				14F8A03324DE8A4500914C07 /* Release */,
			);
			defaultConfigurationIsVisible = 0;
			defaultConfigurationName = Release;
		};
/* End XCConfigurationList section */
	};
	rootObject = 14F8A01524DE8A4100914C07 /* Project object */;
}
