// !$*UTF8*$!
{
	archiveVersion = 1;
	classes = {
	};
	objectVersion = 50;
	objects = {

/* Begin PBXBuildFile section */
		14F89FDC24DD842C00914C07 /* AppDelegate.swift in Sources */ = {isa = PBXBuildFile; fileRef = 14F89FDB24DD842C00914C07 /* AppDelegate.swift */; };
		14F89FDE24DD842C00914C07 /* SceneDelegate.swift in Sources */ = {isa = PBXBuildFile; fileRef = 14F89FDD24DD842C00914C07 /* SceneDelegate.swift */; };
		14F89FE024DD842C00914C07 /* ContentView.swift in Sources */ = {isa = PBXBuildFile; fileRef = 14F89FDF24DD842C00914C07 /* ContentView.swift */; };
		14F89FE224DD842D00914C07 /* Assets.xcassets in Resources */ = {isa = PBXBuildFile; fileRef = 14F89FE124DD842D00914C07 /* Assets.xcassets */; };
		14F89FE524DD842D00914C07 /* Preview Assets.xcassets in Resources */ = {isa = PBXBuildFile; fileRef = 14F89FE424DD842D00914C07 /* Preview Assets.xcassets */; };
		14F89FE824DD842D00914C07 /* LaunchScreen.storyboard in Resources */ = {isa = PBXBuildFile; fileRef = 14F89FE624DD842D00914C07 /* LaunchScreen.storyboard */; };
		14F89FF124DE74F400914C07 /* Pacifico-Regular.ttf in Resources */ = {isa = PBXBuildFile; fileRef = 14F89FF024DE74F400914C07 /* Pacifico-Regular.ttf */; };
		14F89FF324DE7B4800914C07 /* InfoView.swift in Sources */ = {isa = PBXBuildFile; fileRef = 14F89FF224DE7B4800914C07 /* InfoView.swift */; };
/* End PBXBuildFile section */

/* Begin PBXFileReference section */
		14F89FD824DD842C00914C07 /* PratapCard.app */ = {isa = PBXFileReference; explicitFileType = wrapper.application; includeInIndex = 0; path = PratapCard.app; sourceTree = BUILT_PRODUCTS_DIR; };
		14F89FDB24DD842C00914C07 /* AppDelegate.swift */ = {isa = PBXFileReference; lastKnownFileType = sourcecode.swift; path = AppDelegate.swift; sourceTree = "<group>"; };
		14F89FDD24DD842C00914C07 /* SceneDelegate.swift */ = {isa = PBXFileReference; lastKnownFileType = sourcecode.swift; path = SceneDelegate.swift; sourceTree = "<group>"; };
		14F89FDF24DD842C00914C07 /* ContentView.swift */ = {isa = PBXFileReference; lastKnownFileType = sourcecode.swift; path = ContentView.swift; sourceTree = "<group>"; };
		14F89FE124DD842D00914C07 /* Assets.xcassets */ = {isa = PBXFileReference; lastKnownFileType = folder.assetcatalog; path = Assets.xcassets; sourceTree = "<group>"; };
		14F89FE424DD842D00914C07 /* Preview Assets.xcassets */ = {isa = PBXFileReference; lastKnownFileType = folder.assetcatalog; path = "Preview Assets.xcassets"; sourceTree = "<group>"; };
		14F89FE724DD842D00914C07 /* Base */ = {isa = PBXFileReference; lastKnownFileType = file.storyboard; name = Base; path = Base.lproj/LaunchScreen.storyboard; sourceTree = "<group>"; };
		14F89FE924DD842D00914C07 /* Info.plist */ = {isa = PBXFileReference; lastKnownFileType = text.plist.xml; path = Info.plist; sourceTree = "<group>"; };
		14F89FF024DE74F400914C07 /* Pacifico-Regular.ttf */ = {isa = PBXFileReference; lastKnownFileType = file; path = "Pacifico-Regular.ttf"; sourceTree = "<group>"; };
		14F89FF224DE7B4800914C07 /* InfoView.swift */ = {isa = PBXFileReference; lastKnownFileType = sourcecode.swift; path = InfoView.swift; sourceTree = "<group>"; };
/* End PBXFileReference section */

/* Begin PBXFrameworksBuildPhase section */
		14F89FD524DD842C00914C07 /* Frameworks */ = {
			isa = PBXFrameworksBuildPhase;
			buildActionMask = 2147483647;
			files = (
			);
			runOnlyForDeploymentPostprocessing = 0;
		};
/* End PBXFrameworksBuildPhase section */

/* Begin PBXGroup section */
		14F89FCF24DD842C00914C07 = {
			isa = PBXGroup;
			children = (
				14F89FDA24DD842C00914C07 /* PratapCard */,
				14F89FD924DD842C00914C07 /* Products */,
			);
			sourceTree = "<group>";
		};
		14F89FD924DD842C00914C07 /* Products */ = {
			isa = PBXGroup;
			children = (
				14F89FD824DD842C00914C07 /* PratapCard.app */,
			);
			name = Products;
			sourceTree = "<group>";
		};
		14F89FDA24DD842C00914C07 /* PratapCard */ = {
			isa = PBXGroup;
			children = (
				14F89FEF24DE74B400914C07 /* fonts */,
				14F89FDB24DD842C00914C07 /* AppDelegate.swift */,
				14F89FDD24DD842C00914C07 /* SceneDelegate.swift */,
				14F89FDF24DD842C00914C07 /* ContentView.swift */,
				14F89FF224DE7B4800914C07 /* InfoView.swift */,
				14F89FE124DD842D00914C07 /* Assets.xcassets */,
				14F89FE624DD842D00914C07 /* LaunchScreen.storyboard */,
				14F89FE924DD842D00914C07 /* Info.plist */,
				14F89FE324DD842D00914C07 /* Preview Content */,
			);
			path = PratapCard;
			sourceTree = "<group>";
		};
		14F89FE324DD842D00914C07 /* Preview Content */ = {
			isa = PBXGroup;
			children = (
				14F89FE424DD842D00914C07 /* Preview Assets.xcassets */,
			);
			path = "Preview Content";
			sourceTree = "<group>";
		};
		14F89FEF24DE74B400914C07 /* fonts */ = {
			isa = PBXGroup;
			children = (
				14F89FF024DE74F400914C07 /* Pacifico-Regular.ttf */,
			);
			path = fonts;
			sourceTree = "<group>";
		};
/* End PBXGroup section */

/* Begin PBXNativeTarget section */
		14F89FD724DD842C00914C07 /* PratapCard */ = {
			isa = PBXNativeTarget;
			buildConfigurationList = 14F89FEC24DD842D00914C07 /* Build configuration list for PBXNativeTarget "PratapCard" */;
			buildPhases = (
				14F89FD424DD842C00914C07 /* Sources */,
				14F89FD524DD842C00914C07 /* Frameworks */,
				14F89FD624DD842C00914C07 /* Resources */,
			);
			buildRules = (
			);
			dependencies = (
			);
			name = PratapCard;
			productName = PratapCard;
			productReference = 14F89FD824DD842C00914C07 /* PratapCard.app */;
			productType = "com.apple.product-type.application";
		};
/* End PBXNativeTarget section */

/* Begin PBXProject section */
		14F89FD024DD842C00914C07 /* Project object */ = {
			isa = PBXProject;
			attributes = {
				LastSwiftUpdateCheck = 1160;
				LastUpgradeCheck = 1160;
				ORGANIZATIONNAME = "Pratap Sharma";
				TargetAttributes = {
					14F89FD724DD842C00914C07 = {
						CreatedOnToolsVersion = 11.6;
					};
				};
			};
			buildConfigurationList = 14F89FD324DD842C00914C07 /* Build configuration list for PBXProject "PratapCard" */;
			compatibilityVersion = "Xcode 9.3";
			developmentRegion = en;
			hasScannedForEncodings = 0;
			knownRegions = (
				en,
				Base,
			);
			mainGroup = 14F89FCF24DD842C00914C07;
			productRefGroup = 14F89FD924DD842C00914C07 /* Products */;
			projectDirPath = "";
			projectRoot = "";
			targets = (
				14F89FD724DD842C00914C07 /* PratapCard */,
			);
		};
/* End PBXProject section */

/* Begin PBXResourcesBuildPhase section */
		14F89FD624DD842C00914C07 /* Resources */ = {
			isa = PBXResourcesBuildPhase;
			buildActionMask = 2147483647;
			files = (
				14F89FE824DD842D00914C07 /* LaunchScreen.storyboard in Resources */,
				14F89FF124DE74F400914C07 /* Pacifico-Regular.ttf in Resources */,
				14F89FE524DD842D00914C07 /* Preview Assets.xcassets in Resources */,
				14F89FE224DD842D00914C07 /* Assets.xcassets in Resources */,
			);
			runOnlyForDeploymentPostprocessing = 0;
		};
/* End PBXResourcesBuildPhase section */

/* Begin PBXSourcesBuildPhase section */
		14F89FD424DD842C00914C07 /* Sources */ = {
			isa = PBXSourcesBuildPhase;
			buildActionMask = 2147483647;
			files = (
				14F89FF324DE7B4800914C07 /* InfoView.swift in Sources */,
				14F89FDC24DD842C00914C07 /* AppDelegate.swift in Sources */,
				14F89FDE24DD842C00914C07 /* SceneDelegate.swift in Sources */,
				14F89FE024DD842C00914C07 /* ContentView.swift in Sources */,
			);
			runOnlyForDeploymentPostprocessing = 0;
		};
/* End PBXSourcesBuildPhase section */

/* Begin PBXVariantGroup section */
		14F89FE624DD842D00914C07 /* LaunchScreen.storyboard */ = {
			isa = PBXVariantGroup;
			children = (
				14F89FE724DD842D00914C07 /* Base */,
			);
			name = LaunchScreen.storyboard;
			sourceTree = "<group>";
		};
/* End PBXVariantGroup section */

/* Begin XCBuildConfiguration section */
		14F89FEA24DD842D00914C07 /* Debug */ = {
			isa = XCBuildConfiguration;
			buildSettings = {
				ALWAYS_SEARCH_USER_PATHS = NO;
				CLANG_ANALYZER_NONNULL = YES;
				CLANG_ANALYZER_NUMBER_OBJECT_CONVERSION = YES_AGGRESSIVE;
				CLANG_CXX_LANGUAGE_STANDARD = "gnu++14";
				CLANG_CXX_LIBRARY = "libc++";
				CLANG_ENABLE_MODULES = YES;
				CLANG_ENABLE_OBJC_ARC = YES;
				CLANG_ENABLE_OBJC_WEAK = YES;
				CLANG_WARN_BLOCK_CAPTURE_AUTORELEASING = YES;
				CLANG_WARN_BOOL_CONVERSION = YES;
				CLANG_WARN_COMMA = YES;
				CLANG_WARN_CONSTANT_CONVERSION = YES;
				CLANG_WARN_DEPRECATED_OBJC_IMPLEMENTATIONS = YES;
				CLANG_WARN_DIRECT_OBJC_ISA_USAGE = YES_ERROR;
				CLANG_WARN_DOCUMENTATION_COMMENTS = YES;
				CLANG_WARN_EMPTY_BODY = YES;
				CLANG_WARN_ENUM_CONVERSION = YES;
				CLANG_WARN_INFINITE_RECURSION = YES;
				CLANG_WARN_INT_CONVERSION = YES;
				CLANG_WARN_NON_LITERAL_NULL_CONVERSION = YES;
				CLANG_WARN_OBJC_IMPLICIT_RETAIN_SELF = YES;
				CLANG_WARN_OBJC_LITERAL_CONVERSION = YES;
				CLANG_WARN_OBJC_ROOT_CLASS = YES_ERROR;
				CLANG_WARN_RANGE_LOOP_ANALYSIS = YES;
				CLANG_WARN_STRICT_PROTOTYPES = YES;
				CLANG_WARN_SUSPICIOUS_MOVE = YES;
				CLANG_WARN_UNGUARDED_AVAILABILITY = YES_AGGRESSIVE;
				CLANG_WARN_UNREACHABLE_CODE = YES;
				CLANG_WARN__DUPLICATE_METHOD_MATCH = YES;
				COPY_PHASE_STRIP = NO;
				DEBUG_INFORMATION_FORMAT = dwarf;
				ENABLE_STRICT_OBJC_MSGSEND = YES;
				ENABLE_TESTABILITY = YES;
				GCC_C_LANGUAGE_STANDARD = gnu11;
				GCC_DYNAMIC_NO_PIC = NO;
				GCC_NO_COMMON_BLOCKS = YES;
				GCC_OPTIMIZATION_LEVEL = 0;
				GCC_PREPROCESSOR_DEFINITIONS = (
					"DEBUG=1",
					"$(inherited)",
				);
				GCC_WARN_64_TO_32_BIT_CONVERSION = YES;
				GCC_WARN_ABOUT_RETURN_TYPE = YES_ERROR;
				GCC_WARN_UNDECLARED_SELECTOR = YES;
				GCC_WARN_UNINITIALIZED_AUTOS = YES_AGGRESSIVE;
				GCC_WARN_UNUSED_FUNCTION = YES;
				GCC_WARN_UNUSED_VARIABLE = YES;
				IPHONEOS_DEPLOYMENT_TARGET = 13.6;
				MTL_ENABLE_DEBUG_INFO = INCLUDE_SOURCE;
				MTL_FAST_MATH = YES;
				ONLY_ACTIVE_ARCH = YES;
				SDKROOT = iphoneos;
				SWIFT_ACTIVE_COMPILATION_CONDITIONS = DEBUG;
				SWIFT_OPTIMIZATION_LEVEL = "-Onone";
			};
			name = Debug;
		};
		14F89FEB24DD842D00914C07 /* Release */ = {
			isa = XCBuildConfiguration;
			buildSettings = {
				ALWAYS_SEARCH_USER_PATHS = NO;
				CLANG_ANALYZER_NONNULL = YES;
				CLANG_ANALYZER_NUMBER_OBJECT_CONVERSION = YES_AGGRESSIVE;
				CLANG_CXX_LANGUAGE_STANDARD = "gnu++14";
				CLANG_CXX_LIBRARY = "libc++";
				CLANG_ENABLE_MODULES = YES;
				CLANG_ENABLE_OBJC_ARC = YES;
				CLANG_ENABLE_OBJC_WEAK = YES;
				CLANG_WARN_BLOCK_CAPTURE_AUTORELEASING = YES;
				CLANG_WARN_BOOL_CONVERSION = YES;
				CLANG_WARN_COMMA = YES;
				CLANG_WARN_CONSTANT_CONVERSION = YES;
				CLANG_WARN_DEPRECATED_OBJC_IMPLEMENTATIONS = YES;
				CLANG_WARN_DIRECT_OBJC_ISA_USAGE = YES_ERROR;
				CLANG_WARN_DOCUMENTATION_COMMENTS = YES;
				CLANG_WARN_EMPTY_BODY = YES;
				CLANG_WARN_ENUM_CONVERSION = YES;
				CLANG_WARN_INFINITE_RECURSION = YES;
				CLANG_WARN_INT_CONVERSION = YES;
				CLANG_WARN_NON_LITERAL_NULL_CONVERSION = YES;
				CLANG_WARN_OBJC_IMPLICIT_RETAIN_SELF = YES;
				CLANG_WARN_OBJC_LITERAL_CONVERSION = YES;
				CLANG_WARN_OBJC_ROOT_CLASS = YES_ERROR;
				CLANG_WARN_RANGE_LOOP_ANALYSIS = YES;
				CLANG_WARN_STRICT_PROTOTYPES = YES;
				CLANG_WARN_SUSPICIOUS_MOVE = YES;
				CLANG_WARN_UNGUARDED_AVAILABILITY = YES_AGGRESSIVE;
				CLANG_WARN_UNREACHABLE_CODE = YES;
				CLANG_WARN__DUPLICATE_METHOD_MATCH = YES;
				COPY_PHASE_STRIP = NO;
				DEBUG_INFORMATION_FORMAT = "dwarf-with-dsym";
				ENABLE_NS_ASSERTIONS = NO;
				ENABLE_STRICT_OBJC_MSGSEND = YES;
				GCC_C_LANGUAGE_STANDARD = gnu11;
				GCC_NO_COMMON_BLOCKS = YES;
				GCC_WARN_64_TO_32_BIT_CONVERSION = YES;
				GCC_WARN_ABOUT_RETURN_TYPE = YES_ERROR;
				GCC_WARN_UNDECLARED_SELECTOR = YES;
				GCC_WARN_UNINITIALIZED_AUTOS = YES_AGGRESSIVE;
				GCC_WARN_UNUSED_FUNCTION = YES;
				GCC_WARN_UNUSED_VARIABLE = YES;
				IPHONEOS_DEPLOYMENT_TARGET = 13.6;
				MTL_ENABLE_DEBUG_INFO = NO;
				MTL_FAST_MATH = YES;
				SDKROOT = iphoneos;
				SWIFT_COMPILATION_MODE = wholemodule;
				SWIFT_OPTIMIZATION_LEVEL = "-O";
				VALIDATE_PRODUCT = YES;
			};
			name = Release;
		};
		14F89FED24DD842D00914C07 /* Debug */ = {
			isa = XCBuildConfiguration;
			buildSettings = {
				ASSETCATALOG_COMPILER_APPICON_NAME = AppIcon;
				CODE_SIGN_STYLE = Automatic;
				DEVELOPMENT_ASSET_PATHS = "\"PratapCard/Preview Content\"";
				ENABLE_PREVIEWS = YES;
				INFOPLIST_FILE = PratapCard/Info.plist;
				LD_RUNPATH_SEARCH_PATHS = (
					"$(inherited)",
					"@executable_path/Frameworks",
				);
				PRODUCT_BUNDLE_IDENTIFIER = com.pratap.PratapCard;
				PRODUCT_NAME = "$(TARGET_NAME)";
				SWIFT_VERSION = 5.0;
				TARGETED_DEVICE_FAMILY = "1,2";
			};
			name = Debug;
		};
		14F89FEE24DD842D00914C07 /* Release */ = {
			isa = XCBuildConfiguration;
			buildSettings = {
				ASSETCATALOG_COMPILER_APPICON_NAME = AppIcon;
				CODE_SIGN_STYLE = Automatic;
				DEVELOPMENT_ASSET_PATHS = "\"PratapCard/Preview Content\"";
				ENABLE_PREVIEWS = YES;
				INFOPLIST_FILE = PratapCard/Info.plist;
				LD_RUNPATH_SEARCH_PATHS = (
					"$(inherited)",
					"@executable_path/Frameworks",
				);
				PRODUCT_BUNDLE_IDENTIFIER = com.pratap.PratapCard;
				PRODUCT_NAME = "$(TARGET_NAME)";
				SWIFT_VERSION = 5.0;
				TARGETED_DEVICE_FAMILY = "1,2";
			};
			name = Release;
		};
/* End XCBuildConfiguration section */

/* Begin XCConfigurationList section */
		14F89FD324DD842C00914C07 /* Build configuration list for PBXProject "PratapCard" */ = {
			isa = XCConfigurationList;
			buildConfigurations = (
				14F89FEA24DD842D00914C07 /* Debug */,
				14F89FEB24DD842D00914C07 /* Release */,
			);
			defaultConfigurationIsVisible = 0;
			defaultConfigurationName = Release;
		};
		14F89FEC24DD842D00914C07 /* Build configuration list for PBXNativeTarget "PratapCard" */ = {
			isa = XCConfigurationList;
			buildConfigurations = (
				14F89FED24DD842D00914C07 /* Debug */,
				14F89FEE24DD842D00914C07 /* Release */,
			);
			defaultConfigurationIsVisible = 0;
			defaultConfigurationName = Release;
		};
/* End XCConfigurationList section */
	};
	rootObject = 14F89FD024DD842C00914C07 /* Project object */;
}
